// !$*UTF8*$!
{
	archiveVersion = 1;
	classes = {
	};
	objectVersion = 55;
	objects = {

/* Begin PBXBuildFile section */
		5375A3EC275F302800BFFD46 /* SwiftUISelfLoadingImageApp.swift in Sources */ = {isa = PBXBuildFile; fileRef = 5375A3EB275F302800BFFD46 /* SwiftUISelfLoadingImageApp.swift */; };
		5375A3EE275F302800BFFD46 /* ContentView.swift in Sources */ = {isa = PBXBuildFile; fileRef = 5375A3ED275F302800BFFD46 /* ContentView.swift */; };
		5375A3F0275F302A00BFFD46 /* Assets.xcassets in Resources */ = {isa = PBXBuildFile; fileRef = 5375A3EF275F302A00BFFD46 /* Assets.xcassets */; };
		5375A3F3275F302A00BFFD46 /* Preview Assets.xcassets in Resources */ = {isa = PBXBuildFile; fileRef = 5375A3F2275F302A00BFFD46 /* Preview Assets.xcassets */; };
		5375A3FD275F302B00BFFD46 /* ImageDownloaderTests.swift in Sources */ = {isa = PBXBuildFile; fileRef = 5375A3FC275F302B00BFFD46 /* ImageDownloaderTests.swift */; };
		5375A407275F302B00BFFD46 /* ImageDownloaderUITests.swift in Sources */ = {isa = PBXBuildFile; fileRef = 5375A406275F302B00BFFD46 /* ImageDownloaderUITests.swift */; };
		5375A409275F302B00BFFD46 /* ImageDownloaderUITestsLaunchTests.swift in Sources */ = {isa = PBXBuildFile; fileRef = 5375A408275F302B00BFFD46 /* ImageDownloaderUITestsLaunchTests.swift */; };
		5375A416275F305700BFFD46 /* SelfLoadingImageView.swift in Sources */ = {isa = PBXBuildFile; fileRef = 5375A415275F305700BFFD46 /* SelfLoadingImageView.swift */; };
		5375A419275F349000BFFD46 /* Loader.swift in Sources */ = {isa = PBXBuildFile; fileRef = 5375A418275F349000BFFD46 /* Loader.swift */; };
/* End PBXBuildFile section */

/* Begin PBXContainerItemProxy section */
		5375A3F9275F302A00BFFD46 /* PBXContainerItemProxy */ = {
			isa = PBXContainerItemProxy;
			containerPortal = 5375A3E0275F302800BFFD46 /* Project object */;
			proxyType = 1;
			remoteGlobalIDString = 5375A3E7275F302800BFFD46;
			remoteInfo = ImageDownloader;
		};
		5375A403275F302B00BFFD46 /* PBXContainerItemProxy */ = {
			isa = PBXContainerItemProxy;
			containerPortal = 5375A3E0275F302800BFFD46 /* Project object */;
			proxyType = 1;
			remoteGlobalIDString = 5375A3E7275F302800BFFD46;
			remoteInfo = ImageDownloader;
		};
/* End PBXContainerItemProxy section */

/* Begin PBXFileReference section */
		5375A3E8275F302800BFFD46 /* SwiftUISelfLoadingImage.app */ = {isa = PBXFileReference; explicitFileType = wrapper.application; includeInIndex = 0; path = SwiftUISelfLoadingImage.app; sourceTree = BUILT_PRODUCTS_DIR; };
		5375A3EB275F302800BFFD46 /* SwiftUISelfLoadingImageApp.swift */ = {isa = PBXFileReference; lastKnownFileType = sourcecode.swift; path = SwiftUISelfLoadingImageApp.swift; sourceTree = "<group>"; };
		5375A3ED275F302800BFFD46 /* ContentView.swift */ = {isa = PBXFileReference; lastKnownFileType = sourcecode.swift; path = ContentView.swift; sourceTree = "<group>"; };
		5375A3EF275F302A00BFFD46 /* Assets.xcassets */ = {isa = PBXFileReference; lastKnownFileType = folder.assetcatalog; path = Assets.xcassets; sourceTree = "<group>"; };
		5375A3F2275F302A00BFFD46 /* Preview Assets.xcassets */ = {isa = PBXFileReference; lastKnownFileType = folder.assetcatalog; path = "Preview Assets.xcassets"; sourceTree = "<group>"; };
		5375A3F8275F302A00BFFD46 /* SwiftUISelfLoadingImageTests.xctest */ = {isa = PBXFileReference; explicitFileType = wrapper.cfbundle; includeInIndex = 0; path = SwiftUISelfLoadingImageTests.xctest; sourceTree = BUILT_PRODUCTS_DIR; };
		5375A3FC275F302B00BFFD46 /* ImageDownloaderTests.swift */ = {isa = PBXFileReference; lastKnownFileType = sourcecode.swift; path = ImageDownloaderTests.swift; sourceTree = "<group>"; };
		5375A402275F302B00BFFD46 /* SwiftUISelfLoadingImageUITests.xctest */ = {isa = PBXFileReference; explicitFileType = wrapper.cfbundle; includeInIndex = 0; path = SwiftUISelfLoadingImageUITests.xctest; sourceTree = BUILT_PRODUCTS_DIR; };
		5375A406275F302B00BFFD46 /* ImageDownloaderUITests.swift */ = {isa = PBXFileReference; lastKnownFileType = sourcecode.swift; path = ImageDownloaderUITests.swift; sourceTree = "<group>"; };
		5375A408275F302B00BFFD46 /* ImageDownloaderUITestsLaunchTests.swift */ = {isa = PBXFileReference; lastKnownFileType = sourcecode.swift; path = ImageDownloaderUITestsLaunchTests.swift; sourceTree = "<group>"; };
		5375A415275F305700BFFD46 /* SelfLoadingImageView.swift */ = {isa = PBXFileReference; lastKnownFileType = sourcecode.swift; path = SelfLoadingImageView.swift; sourceTree = "<group>"; };
		5375A418275F349000BFFD46 /* Loader.swift */ = {isa = PBXFileReference; lastKnownFileType = sourcecode.swift; path = Loader.swift; sourceTree = "<group>"; };
/* End PBXFileReference section */

/* Begin PBXFrameworksBuildPhase section */
		5375A3E5275F302800BFFD46 /* Frameworks */ = {
			isa = PBXFrameworksBuildPhase;
			buildActionMask = 2147483647;
			files = (
			);
			runOnlyForDeploymentPostprocessing = 0;
		};
		5375A3F5275F302A00BFFD46 /* Frameworks */ = {
			isa = PBXFrameworksBuildPhase;
			buildActionMask = 2147483647;
			files = (
			);
			runOnlyForDeploymentPostprocessing = 0;
		};
		5375A3FF275F302B00BFFD46 /* Frameworks */ = {
			isa = PBXFrameworksBuildPhase;
			buildActionMask = 2147483647;
			files = (
			);
			runOnlyForDeploymentPostprocessing = 0;
		};
/* End PBXFrameworksBuildPhase section */

/* Begin PBXGroup section */
		5375A3DF275F302800BFFD46 = {
			isa = PBXGroup;
			children = (
				5375A3EA275F302800BFFD46 /* SwiftUISelfLoadingImage */,
				5375A3FB275F302B00BFFD46 /* SwiftUISelfLoadingImageTests */,
				5375A405275F302B00BFFD46 /* SwiftUISelfLoadingImageUITests */,
				5375A3E9275F302800BFFD46 /* Products */,
			);
			sourceTree = "<group>";
		};
		5375A3E9275F302800BFFD46 /* Products */ = {
			isa = PBXGroup;
			children = (
				5375A3E8275F302800BFFD46 /* SwiftUISelfLoadingImage.app */,
				5375A3F8275F302A00BFFD46 /* SwiftUISelfLoadingImageTests.xctest */,
				5375A402275F302B00BFFD46 /* SwiftUISelfLoadingImageUITests.xctest */,
			);
			name = Products;
			sourceTree = "<group>";
		};
		5375A3EA275F302800BFFD46 /* SwiftUISelfLoadingImage */ = {
			isa = PBXGroup;
			children = (
				5375A3EB275F302800BFFD46 /* SwiftUISelfLoadingImageApp.swift */,
				5375A3ED275F302800BFFD46 /* ContentView.swift */,
				5375A3EF275F302A00BFFD46 /* Assets.xcassets */,
				5375A3F1275F302A00BFFD46 /* Preview Content */,
				5375A417275F347700BFFD46 /* Self loading image view */,
			);
			path = SwiftUISelfLoadingImage;
			sourceTree = "<group>";
		};
		5375A3F1275F302A00BFFD46 /* Preview Content */ = {
			isa = PBXGroup;
			children = (
				5375A3F2275F302A00BFFD46 /* Preview Assets.xcassets */,
			);
			path = "Preview Content";
			sourceTree = "<group>";
		};
		5375A3FB275F302B00BFFD46 /* SwiftUISelfLoadingImageTests */ = {
			isa = PBXGroup;
			children = (
				5375A3FC275F302B00BFFD46 /* ImageDownloaderTests.swift */,
			);
			path = SwiftUISelfLoadingImageTests;
			sourceTree = "<group>";
		};
		5375A405275F302B00BFFD46 /* SwiftUISelfLoadingImageUITests */ = {
			isa = PBXGroup;
			children = (
				5375A406275F302B00BFFD46 /* ImageDownloaderUITests.swift */,
				5375A408275F302B00BFFD46 /* ImageDownloaderUITestsLaunchTests.swift */,
			);
			path = SwiftUISelfLoadingImageUITests;
			sourceTree = "<group>";
		};
		5375A417275F347700BFFD46 /* Self loading image view */ = {
			isa = PBXGroup;
			children = (
				5375A415275F305700BFFD46 /* SelfLoadingImageView.swift */,
				5375A418275F349000BFFD46 /* Loader.swift */,
			);
			path = "Self loading image view";
			sourceTree = "<group>";
		};
/* End PBXGroup section */

/* Begin PBXNativeTarget section */
		5375A3E7275F302800BFFD46 /* SwiftUISelfLoadingImage */ = {
			isa = PBXNativeTarget;
			buildConfigurationList = 5375A40C275F302B00BFFD46 /* Build configuration list for PBXNativeTarget "SwiftUISelfLoadingImage" */;
			buildPhases = (
				5375A3E4275F302800BFFD46 /* Sources */,
				5375A3E5275F302800BFFD46 /* Frameworks */,
				5375A3E6275F302800BFFD46 /* Resources */,
			);
			buildRules = (
			);
			dependencies = (
			);
			name = SwiftUISelfLoadingImage;
			productName = ImageDownloader;
			productReference = 5375A3E8275F302800BFFD46 /* SwiftUISelfLoadingImage.app */;
			productType = "com.apple.product-type.application";
		};
		5375A3F7275F302A00BFFD46 /* SwiftUISelfLoadingImageTests */ = {
			isa = PBXNativeTarget;
			buildConfigurationList = 5375A40F275F302B00BFFD46 /* Build configuration list for PBXNativeTarget "SwiftUISelfLoadingImageTests" */;
			buildPhases = (
				5375A3F4275F302A00BFFD46 /* Sources */,
				5375A3F5275F302A00BFFD46 /* Frameworks */,
				5375A3F6275F302A00BFFD46 /* Resources */,
			);
			buildRules = (
			);
			dependencies = (
				5375A3FA275F302A00BFFD46 /* PBXTargetDependency */,
			);
			name = SwiftUISelfLoadingImageTests;
			productName = ImageDownloaderTests;
			productReference = 5375A3F8275F302A00BFFD46 /* SwiftUISelfLoadingImageTests.xctest */;
			productType = "com.apple.product-type.bundle.unit-test";
		};
		5375A401275F302B00BFFD46 /* SwiftUISelfLoadingImageUITests */ = {
			isa = PBXNativeTarget;
			buildConfigurationList = 5375A412275F302B00BFFD46 /* Build configuration list for PBXNativeTarget "SwiftUISelfLoadingImageUITests" */;
			buildPhases = (
				5375A3FE275F302B00BFFD46 /* Sources */,
				5375A3FF275F302B00BFFD46 /* Frameworks */,
				5375A400275F302B00BFFD46 /* Resources */,
			);
			buildRules = (
			);
			dependencies = (
				5375A404275F302B00BFFD46 /* PBXTargetDependency */,
			);
			name = SwiftUISelfLoadingImageUITests;
			productName = ImageDownloaderUITests;
			productReference = 5375A402275F302B00BFFD46 /* SwiftUISelfLoadingImageUITests.xctest */;
			productType = "com.apple.product-type.bundle.ui-testing";
		};
/* End PBXNativeTarget section */

/* Begin PBXProject section */
		5375A3E0275F302800BFFD46 /* Project object */ = {
			isa = PBXProject;
			attributes = {
				BuildIndependentTargetsInParallel = 1;
				LastSwiftUpdateCheck = 1300;
				LastUpgradeCheck = 1300;
				TargetAttributes = {
					5375A3E7275F302800BFFD46 = {
						CreatedOnToolsVersion = 13.0;
					};
					5375A3F7275F302A00BFFD46 = {
						CreatedOnToolsVersion = 13.0;
						TestTargetID = 5375A3E7275F302800BFFD46;
					};
					5375A401275F302B00BFFD46 = {
						CreatedOnToolsVersion = 13.0;
						TestTargetID = 5375A3E7275F302800BFFD46;
					};
				};
			};
			buildConfigurationList = 5375A3E3275F302800BFFD46 /* Build configuration list for PBXProject "SwiftUISelfLoadingImage" */;
			compatibilityVersion = "Xcode 13.0";
			developmentRegion = en;
			hasScannedForEncodings = 0;
			knownRegions = (
				en,
				Base,
			);
			mainGroup = 5375A3DF275F302800BFFD46;
			productRefGroup = 5375A3E9275F302800BFFD46 /* Products */;
			projectDirPath = "";
			projectRoot = "";
			targets = (
				5375A3E7275F302800BFFD46 /* SwiftUISelfLoadingImage */,
				5375A3F7275F302A00BFFD46 /* SwiftUISelfLoadingImageTests */,
				5375A401275F302B00BFFD46 /* SwiftUISelfLoadingImageUITests */,
			);
		};
/* End PBXProject section */

/* Begin PBXResourcesBuildPhase section */
		5375A3E6275F302800BFFD46 /* Resources */ = {
			isa = PBXResourcesBuildPhase;
			buildActionMask = 2147483647;
			files = (
				5375A3F3275F302A00BFFD46 /* Preview Assets.xcassets in Resources */,
				5375A3F0275F302A00BFFD46 /* Assets.xcassets in Resources */,
			);
			runOnlyForDeploymentPostprocessing = 0;
		};
		5375A3F6275F302A00BFFD46 /* Resources */ = {
			isa = PBXResourcesBuildPhase;
			buildActionMask = 2147483647;
			files = (
			);
			runOnlyForDeploymentPostprocessing = 0;
		};
		5375A400275F302B00BFFD46 /* Resources */ = {
			isa = PBXResourcesBuildPhase;
			buildActionMask = 2147483647;
			files = (
			);
			runOnlyForDeploymentPostprocessing = 0;
		};
/* End PBXResourcesBuildPhase section */

/* Begin PBXSourcesBuildPhase section */
		5375A3E4275F302800BFFD46 /* Sources */ = {
			isa = PBXSourcesBuildPhase;
			buildActionMask = 2147483647;
			files = (
				5375A3EE275F302800BFFD46 /* ContentView.swift in Sources */,
				5375A416275F305700BFFD46 /* SelfLoadingImageView.swift in Sources */,
				5375A419275F349000BFFD46 /* Loader.swift in Sources */,
				5375A3EC275F302800BFFD46 /* SwiftUISelfLoadingImageApp.swift in Sources */,
			);
			runOnlyForDeploymentPostprocessing = 0;
		};
		5375A3F4275F302A00BFFD46 /* Sources */ = {
			isa = PBXSourcesBuildPhase;
			buildActionMask = 2147483647;
			files = (
				5375A3FD275F302B00BFFD46 /* ImageDownloaderTests.swift in Sources */,
			);
			runOnlyForDeploymentPostprocessing = 0;
		};
		5375A3FE275F302B00BFFD46 /* Sources */ = {
			isa = PBXSourcesBuildPhase;
			buildActionMask = 2147483647;
			files = (
				5375A407275F302B00BFFD46 /* ImageDownloaderUITests.swift in Sources */,
				5375A409275F302B00BFFD46 /* ImageDownloaderUITestsLaunchTests.swift in Sources */,
			);
			runOnlyForDeploymentPostprocessing = 0;
		};
/* End PBXSourcesBuildPhase section */

/* Begin PBXTargetDependency section */
		5375A3FA275F302A00BFFD46 /* PBXTargetDependency */ = {
			isa = PBXTargetDependency;
			target = 5375A3E7275F302800BFFD46 /* SwiftUISelfLoadingImage */;
			targetProxy = 5375A3F9275F302A00BFFD46 /* PBXContainerItemProxy */;
		};
		5375A404275F302B00BFFD46 /* PBXTargetDependency */ = {
			isa = PBXTargetDependency;
			target = 5375A3E7275F302800BFFD46 /* SwiftUISelfLoadingImage */;
			targetProxy = 5375A403275F302B00BFFD46 /* PBXContainerItemProxy */;
		};
/* End PBXTargetDependency section */

/* Begin XCBuildConfiguration section */
		5375A40A275F302B00BFFD46 /* Debug */ = {
			isa = XCBuildConfiguration;
			buildSettings = {
				ALWAYS_SEARCH_USER_PATHS = NO;
				CLANG_ANALYZER_NONNULL = YES;
				CLANG_ANALYZER_NUMBER_OBJECT_CONVERSION = YES_AGGRESSIVE;
				CLANG_CXX_LANGUAGE_STANDARD = "gnu++17";
				CLANG_CXX_LIBRARY = "libc++";
				CLANG_ENABLE_MODULES = YES;
				CLANG_ENABLE_OBJC_ARC = YES;
				CLANG_ENABLE_OBJC_WEAK = YES;
				CLANG_WARN_BLOCK_CAPTURE_AUTORELEASING = YES;
				CLANG_WARN_BOOL_CONVERSION = YES;
				CLANG_WARN_COMMA = YES;
				CLANG_WARN_CONSTANT_CONVERSION = YES;
				CLANG_WARN_DEPRECATED_OBJC_IMPLEMENTATIONS = YES;
				CLANG_WARN_DIRECT_OBJC_ISA_USAGE = YES_ERROR;
				CLANG_WARN_DOCUMENTATION_COMMENTS = YES;
				CLANG_WARN_EMPTY_BODY = YES;
				CLANG_WARN_ENUM_CONVERSION = YES;
				CLANG_WARN_INFINITE_RECURSION = YES;
				CLANG_WARN_INT_CONVERSION = YES;
				CLANG_WARN_NON_LITERAL_NULL_CONVERSION = YES;
				CLANG_WARN_OBJC_IMPLICIT_RETAIN_SELF = YES;
				CLANG_WARN_OBJC_LITERAL_CONVERSION = YES;
				CLANG_WARN_OBJC_ROOT_CLASS = YES_ERROR;
				CLANG_WARN_QUOTED_INCLUDE_IN_FRAMEWORK_HEADER = YES;
				CLANG_WARN_RANGE_LOOP_ANALYSIS = YES;
				CLANG_WARN_STRICT_PROTOTYPES = YES;
				CLANG_WARN_SUSPICIOUS_MOVE = YES;
				CLANG_WARN_UNGUARDED_AVAILABILITY = YES_AGGRESSIVE;
				CLANG_WARN_UNREACHABLE_CODE = YES;
				CLANG_WARN__DUPLICATE_METHOD_MATCH = YES;
				COPY_PHASE_STRIP = NO;
				DEBUG_INFORMATION_FORMAT = dwarf;
				ENABLE_STRICT_OBJC_MSGSEND = YES;
				ENABLE_TESTABILITY = YES;
				GCC_C_LANGUAGE_STANDARD = gnu11;
				GCC_DYNAMIC_NO_PIC = NO;
				GCC_NO_COMMON_BLOCKS = YES;
				GCC_OPTIMIZATION_LEVEL = 0;
				GCC_PREPROCESSOR_DEFINITIONS = (
					"DEBUG=1",
					"$(inherited)",
				);
				GCC_WARN_64_TO_32_BIT_CONVERSION = YES;
				GCC_WARN_ABOUT_RETURN_TYPE = YES_ERROR;
				GCC_WARN_UNDECLARED_SELECTOR = YES;
				GCC_WARN_UNINITIALIZED_AUTOS = YES_AGGRESSIVE;
				GCC_WARN_UNUSED_FUNCTION = YES;
				GCC_WARN_UNUSED_VARIABLE = YES;
				IPHONEOS_DEPLOYMENT_TARGET = 15.0;
				MTL_ENABLE_DEBUG_INFO = INCLUDE_SOURCE;
				MTL_FAST_MATH = YES;
				ONLY_ACTIVE_ARCH = YES;
				SDKROOT = iphoneos;
				SWIFT_ACTIVE_COMPILATION_CONDITIONS = DEBUG;
				SWIFT_OPTIMIZATION_LEVEL = "-Onone";
			};
			name = Debug;
		};
		5375A40B275F302B00BFFD46 /* Release */ = {
			isa = XCBuildConfiguration;
			buildSettings = {
				ALWAYS_SEARCH_USER_PATHS = NO;
				CLANG_ANALYZER_NONNULL = YES;
				CLANG_ANALYZER_NUMBER_OBJECT_CONVERSION = YES_AGGRESSIVE;
				CLANG_CXX_LANGUAGE_STANDARD = "gnu++17";
				CLANG_CXX_LIBRARY = "libc++";
				CLANG_ENABLE_MODULES = YES;
				CLANG_ENABLE_OBJC_ARC = YES;
				CLANG_ENABLE_OBJC_WEAK = YES;
				CLANG_WARN_BLOCK_CAPTURE_AUTORELEASING = YES;
				CLANG_WARN_BOOL_CONVERSION = YES;
				CLANG_WARN_COMMA = YES;
				CLANG_WARN_CONSTANT_CONVERSION = YES;
				CLANG_WARN_DEPRECATED_OBJC_IMPLEMENTATIONS = YES;
				CLANG_WARN_DIRECT_OBJC_ISA_USAGE = YES_ERROR;
				CLANG_WARN_DOCUMENTATION_COMMENTS = YES;
				CLANG_WARN_EMPTY_BODY = YES;
				CLANG_WARN_ENUM_CONVERSION = YES;
				CLANG_WARN_INFINITE_RECURSION = YES;
				CLANG_WARN_INT_CONVERSION = YES;
				CLANG_WARN_NON_LITERAL_NULL_CONVERSION = YES;
				CLANG_WARN_OBJC_IMPLICIT_RETAIN_SELF = YES;
				CLANG_WARN_OBJC_LITERAL_CONVERSION = YES;
				CLANG_WARN_OBJC_ROOT_CLASS = YES_ERROR;
				CLANG_WARN_QUOTED_INCLUDE_IN_FRAMEWORK_HEADER = YES;
				CLANG_WARN_RANGE_LOOP_ANALYSIS = YES;
				CLANG_WARN_STRICT_PROTOTYPES = YES;
				CLANG_WARN_SUSPICIOUS_MOVE = YES;
				CLANG_WARN_UNGUARDED_AVAILABILITY = YES_AGGRESSIVE;
				CLANG_WARN_UNREACHABLE_CODE = YES;
				CLANG_WARN__DUPLICATE_METHOD_MATCH = YES;
				COPY_PHASE_STRIP = NO;
				DEBUG_INFORMATION_FORMAT = "dwarf-with-dsym";
				ENABLE_NS_ASSERTIONS = NO;
				ENABLE_STRICT_OBJC_MSGSEND = YES;
				GCC_C_LANGUAGE_STANDARD = gnu11;
				GCC_NO_COMMON_BLOCKS = YES;
				GCC_WARN_64_TO_32_BIT_CONVERSION = YES;
				GCC_WARN_ABOUT_RETURN_TYPE = YES_ERROR;
				GCC_WARN_UNDECLARED_SELECTOR = YES;
				GCC_WARN_UNINITIALIZED_AUTOS = YES_AGGRESSIVE;
				GCC_WARN_UNUSED_FUNCTION = YES;
				GCC_WARN_UNUSED_VARIABLE = YES;
				IPHONEOS_DEPLOYMENT_TARGET = 15.0;
				MTL_ENABLE_DEBUG_INFO = NO;
				MTL_FAST_MATH = YES;
				SDKROOT = iphoneos;
				SWIFT_COMPILATION_MODE = wholemodule;
				SWIFT_OPTIMIZATION_LEVEL = "-O";
				VALIDATE_PRODUCT = YES;
			};
			name = Release;
		};
		5375A40D275F302B00BFFD46 /* Debug */ = {
			isa = XCBuildConfiguration;
			buildSettings = {
				ASSETCATALOG_COMPILER_APPICON_NAME = AppIcon;
				ASSETCATALOG_COMPILER_GLOBAL_ACCENT_COLOR_NAME = AccentColor;
				CODE_SIGN_STYLE = Automatic;
				CURRENT_PROJECT_VERSION = 1;
				DEVELOPMENT_ASSET_PATHS = "\"SwiftUISelfLoadingImage/Preview Content\"";
				DEVELOPMENT_TEAM = Q4783BNZ95;
				ENABLE_PREVIEWS = YES;
				GENERATE_INFOPLIST_FILE = YES;
				INFOPLIST_KEY_UIApplicationSceneManifest_Generation = YES;
				INFOPLIST_KEY_UIApplicationSupportsIndirectInputEvents = YES;
				INFOPLIST_KEY_UILaunchScreen_Generation = YES;
				INFOPLIST_KEY_UISupportedInterfaceOrientations_iPad = "UIInterfaceOrientationPortrait UIInterfaceOrientationPortraitUpsideDown UIInterfaceOrientationLandscapeLeft UIInterfaceOrientationLandscapeRight";
				INFOPLIST_KEY_UISupportedInterfaceOrientations_iPhone = "UIInterfaceOrientationPortrait UIInterfaceOrientationLandscapeLeft UIInterfaceOrientationLandscapeRight";
				IPHONEOS_DEPLOYMENT_TARGET = 14.0;
				LD_RUNPATH_SEARCH_PATHS = (
					"$(inherited)",
					"@executable_path/Frameworks",
				);
				MARKETING_VERSION = 1.0;
				PRODUCT_BUNDLE_IDENTIFIER = com.keith27.ImageDownloader;
				PRODUCT_NAME = "$(TARGET_NAME)";
				SWIFT_EMIT_LOC_STRINGS = YES;
				SWIFT_VERSION = 5.0;
				TARGETED_DEVICE_FAMILY = "1,2";
			};
			name = Debug;
		};
		5375A40E275F302B00BFFD46 /* Release */ = {
			isa = XCBuildConfiguration;
			buildSettings = {
				ASSETCATALOG_COMPILER_APPICON_NAME = AppIcon;
				ASSETCATALOG_COMPILER_GLOBAL_ACCENT_COLOR_NAME = AccentColor;
				CODE_SIGN_STYLE = Automatic;
				CURRENT_PROJECT_VERSION = 1;
				DEVELOPMENT_ASSET_PATHS = "\"SwiftUISelfLoadingImage/Preview Content\"";
				DEVELOPMENT_TEAM = Q4783BNZ95;
				ENABLE_PREVIEWS = YES;
				GENERATE_INFOPLIST_FILE = YES;
				INFOPLIST_KEY_UIApplicationSceneManifest_Generation = YES;
				INFOPLIST_KEY_UIApplicationSupportsIndirectInputEvents = YES;
				INFOPLIST_KEY_UILaunchScreen_Generation = YES;
				INFOPLIST_KEY_UISupportedInterfaceOrientations_iPad = "UIInterfaceOrientationPortrait UIInterfaceOrientationPortraitUpsideDown UIInterfaceOrientationLandscapeLeft UIInterfaceOrientationLandscapeRight";
				INFOPLIST_KEY_UISupportedInterfaceOrientations_iPhone = "UIInterfaceOrientationPortrait UIInterfaceOrientationLandscapeLeft UIInterfaceOrientationLandscapeRight";
				IPHONEOS_DEPLOYMENT_TARGET = 14.0;
				LD_RUNPATH_SEARCH_PATHS = (
					"$(inherited)",
					"@executable_path/Frameworks",
				);
				MARKETING_VERSION = 1.0;
				PRODUCT_BUNDLE_IDENTIFIER = com.keith27.ImageDownloader;
				PRODUCT_NAME = "$(TARGET_NAME)";
				SWIFT_EMIT_LOC_STRINGS = YES;
				SWIFT_VERSION = 5.0;
				TARGETED_DEVICE_FAMILY = "1,2";
			};
			name = Release;
		};
		5375A410275F302B00BFFD46 /* Debug */ = {
			isa = XCBuildConfiguration;
			buildSettings = {
				ALWAYS_EMBED_SWIFT_STANDARD_LIBRARIES = YES;
				BUNDLE_LOADER = "$(TEST_HOST)";
				CODE_SIGN_STYLE = Automatic;
				CURRENT_PROJECT_VERSION = 1;
				DEVELOPMENT_TEAM = Q4783BNZ95;
				GENERATE_INFOPLIST_FILE = YES;
				IPHONEOS_DEPLOYMENT_TARGET = 14.0;
				LD_RUNPATH_SEARCH_PATHS = (
					"$(inherited)",
					"@executable_path/Frameworks",
					"@loader_path/Frameworks",
				);
				MARKETING_VERSION = 1.0;
				PRODUCT_BUNDLE_IDENTIFIER = com.keith27.ImageDownloaderTests;
				PRODUCT_NAME = "$(TARGET_NAME)";
				SWIFT_EMIT_LOC_STRINGS = NO;
				SWIFT_VERSION = 5.0;
				TARGETED_DEVICE_FAMILY = "1,2";
				TEST_HOST = "$(BUILT_PRODUCTS_DIR)/SwiftUISelfLoadingImage.app/SwiftUISelfLoadingImage";
			};
			name = Debug;
		};
		5375A411275F302B00BFFD46 /* Release */ = {
			isa = XCBuildConfiguration;
			buildSettings = {
				ALWAYS_EMBED_SWIFT_STANDARD_LIBRARIES = YES;
				BUNDLE_LOADER = "$(TEST_HOST)";
				CODE_SIGN_STYLE = Automatic;
				CURRENT_PROJECT_VERSION = 1;
				DEVELOPMENT_TEAM = Q4783BNZ95;
				GENERATE_INFOPLIST_FILE = YES;
				IPHONEOS_DEPLOYMENT_TARGET = 14.0;
				LD_RUNPATH_SEARCH_PATHS = (
					"$(inherited)",
					"@executable_path/Frameworks",
					"@loader_path/Frameworks",
				);
				MARKETING_VERSION = 1.0;
				PRODUCT_BUNDLE_IDENTIFIER = com.keith27.ImageDownloaderTests;
				PRODUCT_NAME = "$(TARGET_NAME)";
				SWIFT_EMIT_LOC_STRINGS = NO;
				SWIFT_VERSION = 5.0;
				TARGETED_DEVICE_FAMILY = "1,2";
				TEST_HOST = "$(BUILT_PRODUCTS_DIR)/SwiftUISelfLoadingImage.app/SwiftUISelfLoadingImage";
			};
			name = Release;
		};
		5375A413275F302B00BFFD46 /* Debug */ = {
			isa = XCBuildConfiguration;
			buildSettings = {
				ALWAYS_EMBED_SWIFT_STANDARD_LIBRARIES = YES;
				CODE_SIGN_STYLE = Automatic;
				CURRENT_PROJECT_VERSION = 1;
				DEVELOPMENT_TEAM = Q4783BNZ95;
				GENERATE_INFOPLIST_FILE = YES;
				LD_RUNPATH_SEARCH_PATHS = (
					"$(inherited)",
					"@executable_path/Frameworks",
					"@loader_path/Frameworks",
				);
				MARKETING_VERSION = 1.0;
				PRODUCT_BUNDLE_IDENTIFIER = com.keith27.ImageDownloaderUITests;
				PRODUCT_NAME = "$(TARGET_NAME)";
				SWIFT_EMIT_LOC_STRINGS = NO;
				SWIFT_VERSION = 5.0;
				TARGETED_DEVICE_FAMILY = "1,2";
				TEST_TARGET_NAME = ImageDownloader;
			};
			name = Debug;
		};
		5375A414275F302B00BFFD46 /* Release */ = {
			isa = XCBuildConfiguration;
			buildSettings = {
				ALWAYS_EMBED_SWIFT_STANDARD_LIBRARIES = YES;
				CODE_SIGN_STYLE = Automatic;
				CURRENT_PROJECT_VERSION = 1;
				DEVELOPMENT_TEAM = Q4783BNZ95;
				GENERATE_INFOPLIST_FILE = YES;
				LD_RUNPATH_SEARCH_PATHS = (
					"$(inherited)",
					"@executable_path/Frameworks",
					"@loader_path/Frameworks",
				);
				MARKETING_VERSION = 1.0;
				PRODUCT_BUNDLE_IDENTIFIER = com.keith27.ImageDownloaderUITests;
				PRODUCT_NAME = "$(TARGET_NAME)";
				SWIFT_EMIT_LOC_STRINGS = NO;
				SWIFT_VERSION = 5.0;
				TARGETED_DEVICE_FAMILY = "1,2";
				TEST_TARGET_NAME = ImageDownloader;
			};
			name = Release;
		};
/* End XCBuildConfiguration section */

/* Begin XCConfigurationList section */
		5375A3E3275F302800BFFD46 /* Build configuration list for PBXProject "SwiftUISelfLoadingImage" */ = {
			isa = XCConfigurationList;
			buildConfigurations = (
				5375A40A275F302B00BFFD46 /* Debug */,
				5375A40B275F302B00BFFD46 /* Release */,
			);
			defaultConfigurationIsVisible = 0;
			defaultConfigurationName = Release;
		};
		5375A40C275F302B00BFFD46 /* Build configuration list for PBXNativeTarget "SwiftUISelfLoadingImage" */ = {
			isa = XCConfigurationList;
			buildConfigurations = (
				5375A40D275F302B00BFFD46 /* Debug */,
				5375A40E275F302B00BFFD46 /* Release */,
			);
			defaultConfigurationIsVisible = 0;
			defaultConfigurationName = Release;
		};
		5375A40F275F302B00BFFD46 /* Build configuration list for PBXNativeTarget "SwiftUISelfLoadingImageTests" */ = {
			isa = XCConfigurationList;
			buildConfigurations = (
				5375A410275F302B00BFFD46 /* Debug */,
				5375A411275F302B00BFFD46 /* Release */,
			);
			defaultConfigurationIsVisible = 0;
			defaultConfigurationName = Release;
		};
		5375A412275F302B00BFFD46 /* Build configuration list for PBXNativeTarget "SwiftUISelfLoadingImageUITests" */ = {
			isa = XCConfigurationList;
			buildConfigurations = (
				5375A413275F302B00BFFD46 /* Debug */,
				5375A414275F302B00BFFD46 /* Release */,
			);
			defaultConfigurationIsVisible = 0;
			defaultConfigurationName = Release;
		};
/* End XCConfigurationList section */
	};
	rootObject = 5375A3E0275F302800BFFD46 /* Project object */;
}
